// !$*UTF8*$!
{
	archiveVersion = 1;
	classes = {
	};
	objectVersion = 56;
	objects = {

/* Begin PBXBuildFile section */
		7906564D2DB158EC00EB90AC /* PhysicsScene.swift in Sources */ = {isa = PBXBuildFile; fileRef = 7906564C2DB158EC00EB90AC /* PhysicsScene.swift */; };
		7908C28D2D9BDFAE00A97C11 /* EmailChecker.swift in Sources */ = {isa = PBXBuildFile; fileRef = 7908C28C2D9BDFAE00A97C11 /* EmailChecker.swift */; };
		7908C28F2D9BE32A00A97C11 /* CloudKitManager.swift in Sources */ = {isa = PBXBuildFile; fileRef = 7908C28E2D9BE32A00A97C11 /* CloudKitManager.swift */; };
		7908C2912D9C25E700A97C11 /* LoginStatusChecker.swift in Sources */ = {isa = PBXBuildFile; fileRef = 7908C2902D9C25E700A97C11 /* LoginStatusChecker.swift */; };
		790BFDC62DCF83ED00AFD044 /* LocalDataManager.swift in Sources */ = {isa = PBXBuildFile; fileRef = 790BFDC52DCF83ED00AFD044 /* LocalDataManager.swift */; };
		790BFDCA2DCF841200AFD044 /* DataSyncManager.swift in Sources */ = {isa = PBXBuildFile; fileRef = 790BFDC92DCF841200AFD044 /* DataSyncManager.swift */; };
		790DD13A2DBA5B1800FDFC6D /* ScrollCalendarView.swift in Sources */ = {isa = PBXBuildFile; fileRef = 790DD1392DBA5B1800FDFC6D /* ScrollCalendarView.swift */; };
		790DD1AC2DC6205600FDFC6D /* AddItem.swift in Sources */ = {isa = PBXBuildFile; fileRef = 790DD1AB2DC6205500FDFC6D /* AddItem.swift */; };
		790FF7942DCA499200B9C70B /* CloudKitService.swift in Sources */ = {isa = PBXBuildFile; fileRef = 790FF7932DCA499200B9C70B /* CloudKitService.swift */; };
		7911CDE42D633BAD0034BEE6 /* ToDoList_v1App.swift in Sources */ = {isa = PBXBuildFile; fileRef = 7911CDE32D633BAD0034BEE6 /* ToDoList_v1App.swift */; };
		7911CDE62D633BAD0034BEE6 /* ContentView.swift in Sources */ = {isa = PBXBuildFile; fileRef = 7911CDE52D633BAD0034BEE6 /* ContentView.swift */; };
		7911CDE82D633BAD0034BEE6 /* Item.swift in Sources */ = {isa = PBXBuildFile; fileRef = 7911CDE72D633BAD0034BEE6 /* Item.swift */; };
		7911CDEA2D633BB60034BEE6 /* Assets.xcassets in Resources */ = {isa = PBXBuildFile; fileRef = 7911CDE92D633BB60034BEE6 /* Assets.xcassets */; };
		7911CDED2D633BB60034BEE6 /* Preview Assets.xcassets in Resources */ = {isa = PBXBuildFile; fileRef = 7911CDEC2D633BB60034BEE6 /* Preview Assets.xcassets */; };
		7911CDF72D633BB60034BEE6 /* ToDoList_v1Tests.swift in Sources */ = {isa = PBXBuildFile; fileRef = 7911CDF62D633BB60034BEE6 /* ToDoList_v1Tests.swift */; };
		7911CE012D633BB60034BEE6 /* ToDoList_v1UITests.swift in Sources */ = {isa = PBXBuildFile; fileRef = 7911CE002D633BB60034BEE6 /* ToDoList_v1UITests.swift */; };
		7911CE032D633BB60034BEE6 /* ToDoList_v1UITestsLaunchTests.swift in Sources */ = {isa = PBXBuildFile; fileRef = 7911CE022D633BB60034BEE6 /* ToDoList_v1UITestsLaunchTests.swift */; };
		7911CE192D6AF60B0034BEE6 /* AppleSignInManager.swift in Sources */ = {isa = PBXBuildFile; fileRef = 7911CE182D6AF60B0034BEE6 /* AppleSignInManager.swift */; };
		7911CE202D6B02650034BEE6 /* AppUser.swift in Sources */ = {isa = PBXBuildFile; fileRef = 7911CE1F2D6B02650034BEE6 /* AppUser.swift */; };
		7911CE222D6B02E00034BEE6 /* UserRecord.swift in Sources */ = {isa = PBXBuildFile; fileRef = 7911CE212D6B02E00034BEE6 /* UserRecord.swift */; };
		7911CE242D6B084A0034BEE6 /* Home.swift in Sources */ = {isa = PBXBuildFile; fileRef = 7911CE232D6B084A0034BEE6 /* Home.swift */; };
		7911CE262D6B086D0034BEE6 /* guide.swift in Sources */ = {isa = PBXBuildFile; fileRef = 7911CE252D6B086D0034BEE6 /* guide.swift */; };
		791217BD2DC7B92F00E22FF6 /* AddTime.swift in Sources */ = {isa = PBXBuildFile; fileRef = 791217BC2DC7B92F00E22FF6 /* AddTime.swift */; };
		7914F9882DEDD62D00BD4801 /* DelaySettlementManager.swift in Sources */ = {isa = PBXBuildFile; fileRef = 7914F9872DEDD62D00BD4801 /* DelaySettlementManager.swift */; };
		7914F98A2DEF21B900BD4801 /* PhysicsSceneWrapper.swift in Sources */ = {isa = PBXBuildFile; fileRef = 7914F9892DEF21B900BD4801 /* PhysicsSceneWrapper.swift */; };
		79161FA52DFF30B60020B67F /* DeleteItemView.swift in Sources */ = {isa = PBXBuildFile; fileRef = 79161FA42DFF30B60020B67F /* DeleteItemView.swift */; };
		791E53AD2DB3F4470096F3B2 /* TodoStatus.swift in Sources */ = {isa = PBXBuildFile; fileRef = 791E53AC2DB3F4470096F3B2 /* TodoStatus.swift */; };
		791FECA32D6E0E59003716DE /* EmailLogin.swift in Sources */ = {isa = PBXBuildFile; fileRef = 791FECA22D6E0E58003716DE /* EmailLogin.swift */; };
		792073FF2DB292EC00057A45 /* TodoSheetItemRow.swift in Sources */ = {isa = PBXBuildFile; fileRef = 792073FE2DB292EC00057A45 /* TodoSheetItemRow.swift */; };
		7922971D2DAD295100E1A97B /* ToDoSheetView.swift in Sources */ = {isa = PBXBuildFile; fileRef = 7922971C2DAD295100E1A97B /* ToDoSheetView.swift */; };
		7922971F2DAD45BC00E1A97B /* VisualEffectBlur.swift in Sources */ = {isa = PBXBuildFile; fileRef = 7922971E2DAD45BC00E1A97B /* VisualEffectBlur.swift */; };
		792297212DAD59DA00E1A97B /* TodoItem.swift in Sources */ = {isa = PBXBuildFile; fileRef = 792297202DAD59DA00E1A97B /* TodoItem.swift */; };
		792C41742DC9051D005CCE92 /* AddNote.swift in Sources */ = {isa = PBXBuildFile; fileRef = 792C41732DC9051D005CCE92 /* AddNote.swift */; };
		792C74272DE1F9FA00ACF98D /* SettlementView02.swift in Sources */ = {isa = PBXBuildFile; fileRef = 792C74262DE1F9FA00ACF98D /* SettlementView02.swift */; };
		792C74292DE20E6A00ACF98D /* TobestartedView.swift in Sources */ = {isa = PBXBuildFile; fileRef = 792C74282DE20E6A00ACF98D /* TobestartedView.swift */; };
		792C742D2DE22D4900ACF98D /* SettlementView03.swift in Sources */ = {isa = PBXBuildFile; fileRef = 792C742C2DE22D4900ACF98D /* SettlementView03.swift */; };
		792C742F2DE22DE300ACF98D /* ProgressBarSegment.swift in Sources */ = {isa = PBXBuildFile; fileRef = 792C742E2DE22DE300ACF98D /* ProgressBarSegment.swift */; };
		793451EE2DEAD9BD00898474 /* Sleep01.swift in Sources */ = {isa = PBXBuildFile; fileRef = 793451ED2DEAD9BD00898474 /* Sleep01.swift */; };
		793451F22DEB439E00898474 /* CompleteDayDataManager.swift in Sources */ = {isa = PBXBuildFile; fileRef = 793451F12DEB439E00898474 /* CompleteDayDataManager.swift */; };
		793B5C122DDA3A55008F92FC /* SettlementView.swift in Sources */ = {isa = PBXBuildFile; fileRef = 793B5C112DDA3A55008F92FC /* SettlementView.swift */; };
		793C4AA82DA2872400C76125 /* EmailAccountManager.swift in Sources */ = {isa = PBXBuildFile; fileRef = 793C4AA72DA2872400C76125 /* EmailAccountManager.swift */; };
		793C4AAC2DA6789000C76125 /* ItemRow.swift in Sources */ = {isa = PBXBuildFile; fileRef = 793C4AAB2DA6789000C76125 /* ItemRow.swift */; };
		793D1B422DAE748100E0B653 /* BumpyCircle.swift in Sources */ = {isa = PBXBuildFile; fileRef = 793D1B412DAE748100E0B653 /* BumpyCircle.swift */; };
		793D1B442DAE881D00E0B653 /* CloudKitHelper.swift in Sources */ = {isa = PBXBuildFile; fileRef = 793D1B432DAE881D00E0B653 /* CloudKitHelper.swift */; };
		79C66A332DB40B7300BF8703 /* Add.swift in Sources */ = {isa = PBXBuildFile; fileRef = 79C66A322DB40B7300BF8703 /* Add.swift */; };
		79E0AD842D758EEF00DDDC8C /* Login.swift in Sources */ = {isa = PBXBuildFile; fileRef = 79E0AD832D758EEF00DDDC8C /* Login.swift */; };
		79E0AD892D82E1A800DDDC8C /* guide2.swift in Sources */ = {isa = PBXBuildFile; fileRef = 79E0AD882D82E1A800DDDC8C /* guide2.swift */; };
		79F7C2472D926DD500B2E19E /* MyProject.entitlements in Resources */ = {isa = PBXBuildFile; fileRef = 79F7C2462D926DD500B2E19E /* MyProject.entitlements */; };
		79F7C2492D94060100B2E19E /* codefield.swift in Sources */ = {isa = PBXBuildFile; fileRef = 79F7C2482D94060100B2E19E /* codefield.swift */; };
		79F7C24B2D94098000B2E19E /* guide3.swift in Sources */ = {isa = PBXBuildFile; fileRef = 79F7C24A2D94098000B2E19E /* guide3.swift */; };
		79F7C24D2D940B9600B2E19E /* guide4.swift in Sources */ = {isa = PBXBuildFile; fileRef = 79F7C24C2D940B9600B2E19E /* guide4.swift */; };
		79F7C25D2D9414BE00B2E19E /* MultiComponentPicker.swift in Sources */ = {isa = PBXBuildFile; fileRef = 79F7C25C2D9414BE00B2E19E /* MultiComponentPicker.swift */; };
		79F7C25F2D9415EF00B2E19E /* guide5.swift in Sources */ = {isa = PBXBuildFile; fileRef = 79F7C25E2D9415EF00B2E19E /* guide5.swift */; };
		79F7C2612D97E8C000B2E19E /* Event.swift in Sources */ = {isa = PBXBuildFile; fileRef = 79F7C2602D97E8C000B2E19E /* Event.swift */; };
		79F7C2632D97FB0D00B2E19E /* UserInfoView.swift in Sources */ = {isa = PBXBuildFile; fileRef = 79F7C2622D97FB0D00B2E19E /* UserInfoView.swift */; };
		79F7C2652D99507100B2E19E /* SaveLast.swift in Sources */ = {isa = PBXBuildFile; fileRef = 79F7C2642D99507100B2E19E /* SaveLast.swift */; };
		EB4188FF2E3797B600F69B82 /* SpeechManager.swift in Sources */ = {isa = PBXBuildFile; fileRef = EB4188FE2E3797A600F69B82 /* SpeechManager.swift */; };
		EB4189012E3F817A00F69B82 /* GeminiService.swift in Sources */ = {isa = PBXBuildFile; fileRef = EB4189002E3F816A00F69B82 /* GeminiService.swift */; };
		EB41895B2E40FF0900F69B82 /* Keys.xcconfig in Resources */ = {isa = PBXBuildFile; fileRef = EB41895A2E40FF0900F69B82 /* Keys.xcconfig */; };
		EB41895C2E40FF0900F69B82 /* Keys.xcconfig in Resources */ = {isa = PBXBuildFile; fileRef = EB41895A2E40FF0900F69B82 /* Keys.xcconfig */; };
		EB41895D2E40FF0900F69B82 /* Keys.xcconfig in Resources */ = {isa = PBXBuildFile; fileRef = EB41895A2E40FF0900F69B82 /* Keys.xcconfig */; };
		EB522CF52DBDDBB500D4B591 /* CalenderView.swift in Sources */ = {isa = PBXBuildFile; fileRef = EB522CF42DBDDBAC00D4B591 /* CalenderView.swift */; };
		EB808BD22E4748F600C79D7D /* TaskSelectionOverlay.swift in Sources */ = {isa = PBXBuildFile; fileRef = EB808BD12E4748DD00C79D7D /* TaskSelectionOverlay.swift */; };
		EB808BD62E48A14700C79D7D /* TaskEditView.swift in Sources */ = {isa = PBXBuildFile; fileRef = EB808BD52E48A14300C79D7D /* TaskEditView.swift */; };
		EB808BDC2E48A3B400C79D7D /* TaskEntry.swift in Sources */ = {isa = PBXBuildFile; fileRef = EB808BDB2E48A3B300C79D7D /* TaskEntry.swift */; };
		EBCCDAFB2E4F317C0047B5F8 /* HomeBottomView.swift in Sources */ = {isa = PBXBuildFile; fileRef = EBCCDAFA2E4F317C0047B5F8 /* HomeBottomView.swift */; };
/* End PBXBuildFile section */

/* Begin PBXContainerItemProxy section */
		7911CDF32D633BB60034BEE6 /* PBXContainerItemProxy */ = {
			isa = PBXContainerItemProxy;
			containerPortal = 7911CDD82D633BAD0034BEE6 /* Project object */;
			proxyType = 1;
			remoteGlobalIDString = 7911CDDF2D633BAD0034BEE6;
			remoteInfo = ToDoList_v1;
		};
		7911CDFD2D633BB60034BEE6 /* PBXContainerItemProxy */ = {
			isa = PBXContainerItemProxy;
			containerPortal = 7911CDD82D633BAD0034BEE6 /* Project object */;
			proxyType = 1;
			remoteGlobalIDString = 7911CDDF2D633BAD0034BEE6;
			remoteInfo = ToDoList_v1;
		};
/* End PBXContainerItemProxy section */

/* Begin PBXFileReference section */
		7906564C2DB158EC00EB90AC /* PhysicsScene.swift */ = {isa = PBXFileReference; lastKnownFileType = sourcecode.swift; path = PhysicsScene.swift; sourceTree = "<group>"; };
		7908C28C2D9BDFAE00A97C11 /* EmailChecker.swift */ = {isa = PBXFileReference; lastKnownFileType = sourcecode.swift; path = EmailChecker.swift; sourceTree = "<group>"; };
		7908C28E2D9BE32A00A97C11 /* CloudKitManager.swift */ = {isa = PBXFileReference; lastKnownFileType = sourcecode.swift; path = CloudKitManager.swift; sourceTree = "<group>"; };
		7908C2902D9C25E700A97C11 /* LoginStatusChecker.swift */ = {isa = PBXFileReference; lastKnownFileType = sourcecode.swift; path = LoginStatusChecker.swift; sourceTree = "<group>"; };
		790BFDC52DCF83ED00AFD044 /* LocalDataManager.swift */ = {isa = PBXFileReference; lastKnownFileType = sourcecode.swift; path = LocalDataManager.swift; sourceTree = "<group>"; };
		790BFDC92DCF841200AFD044 /* DataSyncManager.swift */ = {isa = PBXFileReference; lastKnownFileType = sourcecode.swift; path = DataSyncManager.swift; sourceTree = "<group>"; };
		790DD1392DBA5B1800FDFC6D /* ScrollCalendarView.swift */ = {isa = PBXFileReference; lastKnownFileType = sourcecode.swift; path = ScrollCalendarView.swift; sourceTree = "<group>"; };
		790DD1AB2DC6205500FDFC6D /* AddItem.swift */ = {isa = PBXFileReference; lastKnownFileType = sourcecode.swift; path = AddItem.swift; sourceTree = "<group>"; };
		790FF7932DCA499200B9C70B /* CloudKitService.swift */ = {isa = PBXFileReference; lastKnownFileType = sourcecode.swift; path = CloudKitService.swift; sourceTree = "<group>"; };
		7911CDE02D633BAD0034BEE6 /* ToDoList_v1.app */ = {isa = PBXFileReference; explicitFileType = wrapper.application; includeInIndex = 0; path = ToDoList_v1.app; sourceTree = BUILT_PRODUCTS_DIR; };
		7911CDE32D633BAD0034BEE6 /* ToDoList_v1App.swift */ = {isa = PBXFileReference; lastKnownFileType = sourcecode.swift; path = ToDoList_v1App.swift; sourceTree = "<group>"; };
		7911CDE52D633BAD0034BEE6 /* ContentView.swift */ = {isa = PBXFileReference; lastKnownFileType = sourcecode.swift; path = ContentView.swift; sourceTree = "<group>"; };
		7911CDE72D633BAD0034BEE6 /* Item.swift */ = {isa = PBXFileReference; lastKnownFileType = sourcecode.swift; path = Item.swift; sourceTree = "<group>"; };
		7911CDE92D633BB60034BEE6 /* Assets.xcassets */ = {isa = PBXFileReference; lastKnownFileType = folder.assetcatalog; path = Assets.xcassets; sourceTree = "<group>"; };
		7911CDEC2D633BB60034BEE6 /* Preview Assets.xcassets */ = {isa = PBXFileReference; lastKnownFileType = folder.assetcatalog; path = "Preview Assets.xcassets"; sourceTree = "<group>"; };
		7911CDF22D633BB60034BEE6 /* ToDoList_v1Tests.xctest */ = {isa = PBXFileReference; explicitFileType = wrapper.cfbundle; includeInIndex = 0; path = ToDoList_v1Tests.xctest; sourceTree = BUILT_PRODUCTS_DIR; };
		7911CDF62D633BB60034BEE6 /* ToDoList_v1Tests.swift */ = {isa = PBXFileReference; lastKnownFileType = sourcecode.swift; path = ToDoList_v1Tests.swift; sourceTree = "<group>"; };
		7911CDFC2D633BB60034BEE6 /* ToDoList_v1UITests.xctest */ = {isa = PBXFileReference; explicitFileType = wrapper.cfbundle; includeInIndex = 0; path = ToDoList_v1UITests.xctest; sourceTree = BUILT_PRODUCTS_DIR; };
		7911CE002D633BB60034BEE6 /* ToDoList_v1UITests.swift */ = {isa = PBXFileReference; lastKnownFileType = sourcecode.swift; path = ToDoList_v1UITests.swift; sourceTree = "<group>"; };
		7911CE022D633BB60034BEE6 /* ToDoList_v1UITestsLaunchTests.swift */ = {isa = PBXFileReference; lastKnownFileType = sourcecode.swift; path = ToDoList_v1UITestsLaunchTests.swift; sourceTree = "<group>"; };
		7911CE182D6AF60B0034BEE6 /* AppleSignInManager.swift */ = {isa = PBXFileReference; lastKnownFileType = sourcecode.swift; path = AppleSignInManager.swift; sourceTree = "<group>"; };
		7911CE1F2D6B02650034BEE6 /* AppUser.swift */ = {isa = PBXFileReference; lastKnownFileType = sourcecode.swift; path = AppUser.swift; sourceTree = "<group>"; };
		7911CE212D6B02E00034BEE6 /* UserRecord.swift */ = {isa = PBXFileReference; lastKnownFileType = sourcecode.swift; path = UserRecord.swift; sourceTree = "<group>"; };
		7911CE232D6B084A0034BEE6 /* Home.swift */ = {isa = PBXFileReference; lastKnownFileType = sourcecode.swift; path = Home.swift; sourceTree = "<group>"; };
		7911CE252D6B086D0034BEE6 /* guide.swift */ = {isa = PBXFileReference; lastKnownFileType = sourcecode.swift; path = guide.swift; sourceTree = "<group>"; };
		791217BC2DC7B92F00E22FF6 /* AddTime.swift */ = {isa = PBXFileReference; lastKnownFileType = sourcecode.swift; path = AddTime.swift; sourceTree = "<group>"; };
		7914F9872DEDD62D00BD4801 /* DelaySettlementManager.swift */ = {isa = PBXFileReference; lastKnownFileType = sourcecode.swift; path = DelaySettlementManager.swift; sourceTree = "<group>"; };
		7914F9892DEF21B900BD4801 /* PhysicsSceneWrapper.swift */ = {isa = PBXFileReference; fileEncoding = 4; lastKnownFileType = sourcecode.swift; path = PhysicsSceneWrapper.swift; sourceTree = "<group>"; };
		79161FA42DFF30B60020B67F /* DeleteItemView.swift */ = {isa = PBXFileReference; lastKnownFileType = sourcecode.swift; path = DeleteItemView.swift; sourceTree = "<group>"; };
		791E53AC2DB3F4470096F3B2 /* TodoStatus.swift */ = {isa = PBXFileReference; lastKnownFileType = sourcecode.swift; path = TodoStatus.swift; sourceTree = "<group>"; };
		791FECA22D6E0E58003716DE /* EmailLogin.swift */ = {isa = PBXFileReference; lastKnownFileType = sourcecode.swift; path = EmailLogin.swift; sourceTree = "<group>"; };
		792073FE2DB292EC00057A45 /* TodoSheetItemRow.swift */ = {isa = PBXFileReference; lastKnownFileType = sourcecode.swift; path = TodoSheetItemRow.swift; sourceTree = "<group>"; };
		7922971C2DAD295100E1A97B /* ToDoSheetView.swift */ = {isa = PBXFileReference; lastKnownFileType = sourcecode.swift; path = ToDoSheetView.swift; sourceTree = "<group>"; };
		7922971E2DAD45BC00E1A97B /* VisualEffectBlur.swift */ = {isa = PBXFileReference; lastKnownFileType = sourcecode.swift; path = VisualEffectBlur.swift; sourceTree = "<group>"; };
		792297202DAD59DA00E1A97B /* TodoItem.swift */ = {isa = PBXFileReference; lastKnownFileType = sourcecode.swift; path = TodoItem.swift; sourceTree = "<group>"; };
		792C41732DC9051D005CCE92 /* AddNote.swift */ = {isa = PBXFileReference; lastKnownFileType = sourcecode.swift; path = AddNote.swift; sourceTree = "<group>"; };
		792C74262DE1F9FA00ACF98D /* SettlementView02.swift */ = {isa = PBXFileReference; lastKnownFileType = sourcecode.swift; path = SettlementView02.swift; sourceTree = "<group>"; };
		792C74282DE20E6A00ACF98D /* TobestartedView.swift */ = {isa = PBXFileReference; lastKnownFileType = sourcecode.swift; path = TobestartedView.swift; sourceTree = "<group>"; };
		792C742C2DE22D4900ACF98D /* SettlementView03.swift */ = {isa = PBXFileReference; lastKnownFileType = sourcecode.swift; path = SettlementView03.swift; sourceTree = "<group>"; };
		792C742E2DE22DE300ACF98D /* ProgressBarSegment.swift */ = {isa = PBXFileReference; lastKnownFileType = sourcecode.swift; path = ProgressBarSegment.swift; sourceTree = "<group>"; };
		793451ED2DEAD9BD00898474 /* Sleep01.swift */ = {isa = PBXFileReference; lastKnownFileType = sourcecode.swift; path = Sleep01.swift; sourceTree = "<group>"; };
		793451F12DEB439E00898474 /* CompleteDayDataManager.swift */ = {isa = PBXFileReference; lastKnownFileType = sourcecode.swift; path = CompleteDayDataManager.swift; sourceTree = "<group>"; };
		793B5C112DDA3A55008F92FC /* SettlementView.swift */ = {isa = PBXFileReference; lastKnownFileType = sourcecode.swift; path = SettlementView.swift; sourceTree = "<group>"; };
		793C4AA72DA2872400C76125 /* EmailAccountManager.swift */ = {isa = PBXFileReference; lastKnownFileType = sourcecode.swift; path = EmailAccountManager.swift; sourceTree = "<group>"; };
		793C4AAB2DA6789000C76125 /* ItemRow.swift */ = {isa = PBXFileReference; lastKnownFileType = sourcecode.swift; path = ItemRow.swift; sourceTree = "<group>"; };
		793D1B412DAE748100E0B653 /* BumpyCircle.swift */ = {isa = PBXFileReference; lastKnownFileType = sourcecode.swift; path = BumpyCircle.swift; sourceTree = "<group>"; };
		793D1B432DAE881D00E0B653 /* CloudKitHelper.swift */ = {isa = PBXFileReference; lastKnownFileType = sourcecode.swift; path = CloudKitHelper.swift; sourceTree = "<group>"; };
		79C66A322DB40B7300BF8703 /* Add.swift */ = {isa = PBXFileReference; lastKnownFileType = sourcecode.swift; path = Add.swift; sourceTree = "<group>"; };
		79E0AD832D758EEF00DDDC8C /* Login.swift */ = {isa = PBXFileReference; lastKnownFileType = sourcecode.swift; path = Login.swift; sourceTree = "<group>"; };
		79E0AD872D82D8DB00DDDC8C /* ToDoList-v1-Info.plist */ = {isa = PBXFileReference; lastKnownFileType = text.plist; path = "ToDoList-v1-Info.plist"; sourceTree = SOURCE_ROOT; };
		79E0AD882D82E1A800DDDC8C /* guide2.swift */ = {isa = PBXFileReference; lastKnownFileType = sourcecode.swift; path = guide2.swift; sourceTree = "<group>"; };
		79F7C2462D926DD500B2E19E /* MyProject.entitlements */ = {isa = PBXFileReference; lastKnownFileType = text.plist.entitlements; path = MyProject.entitlements; sourceTree = "<group>"; };
		79F7C2482D94060100B2E19E /* codefield.swift */ = {isa = PBXFileReference; lastKnownFileType = sourcecode.swift; path = codefield.swift; sourceTree = "<group>"; };
		79F7C24A2D94098000B2E19E /* guide3.swift */ = {isa = PBXFileReference; lastKnownFileType = sourcecode.swift; path = guide3.swift; sourceTree = "<group>"; };
		79F7C24C2D940B9600B2E19E /* guide4.swift */ = {isa = PBXFileReference; lastKnownFileType = sourcecode.swift; path = guide4.swift; sourceTree = "<group>"; };
		79F7C25C2D9414BE00B2E19E /* MultiComponentPicker.swift */ = {isa = PBXFileReference; lastKnownFileType = sourcecode.swift; path = MultiComponentPicker.swift; sourceTree = "<group>"; };
		79F7C25E2D9415EF00B2E19E /* guide5.swift */ = {isa = PBXFileReference; lastKnownFileType = sourcecode.swift; path = guide5.swift; sourceTree = "<group>"; };
		79F7C2602D97E8C000B2E19E /* Event.swift */ = {isa = PBXFileReference; lastKnownFileType = sourcecode.swift; path = Event.swift; sourceTree = "<group>"; };
		79F7C2622D97FB0D00B2E19E /* UserInfoView.swift */ = {isa = PBXFileReference; lastKnownFileType = sourcecode.swift; path = UserInfoView.swift; sourceTree = "<group>"; };
		79F7C2642D99507100B2E19E /* SaveLast.swift */ = {isa = PBXFileReference; lastKnownFileType = sourcecode.swift; path = SaveLast.swift; sourceTree = "<group>"; };
		EB4188FE2E3797A600F69B82 /* SpeechManager.swift */ = {isa = PBXFileReference; lastKnownFileType = sourcecode.swift; path = SpeechManager.swift; sourceTree = "<group>"; };
		EB4189002E3F816A00F69B82 /* GeminiService.swift */ = {isa = PBXFileReference; lastKnownFileType = sourcecode.swift; path = GeminiService.swift; sourceTree = "<group>"; };
		EB41895A2E40FF0900F69B82 /* Keys.xcconfig */ = {isa = PBXFileReference; lastKnownFileType = text.xcconfig; path = Keys.xcconfig; sourceTree = "<group>"; };
		EB522CF42DBDDBAC00D4B591 /* CalenderView.swift */ = {isa = PBXFileReference; lastKnownFileType = sourcecode.swift; path = CalenderView.swift; sourceTree = "<group>"; };
		EB808BD12E4748DD00C79D7D /* TaskSelectionOverlay.swift */ = {isa = PBXFileReference; lastKnownFileType = sourcecode.swift; path = TaskSelectionOverlay.swift; sourceTree = "<group>"; };
		EB808BD52E48A14300C79D7D /* TaskEditView.swift */ = {isa = PBXFileReference; lastKnownFileType = sourcecode.swift; path = TaskEditView.swift; sourceTree = "<group>"; };
		EB808BDB2E48A3B300C79D7D /* TaskEntry.swift */ = {isa = PBXFileReference; lastKnownFileType = sourcecode.swift; path = TaskEntry.swift; sourceTree = "<group>"; };
		EBCCDAFA2E4F317C0047B5F8 /* HomeBottomView.swift */ = {isa = PBXFileReference; lastKnownFileType = sourcecode.swift; path = HomeBottomView.swift; sourceTree = "<group>"; };
/* End PBXFileReference section */

/* Begin PBXFrameworksBuildPhase section */
		7911CDDD2D633BAD0034BEE6 /* Frameworks */ = {
			isa = PBXFrameworksBuildPhase;
			buildActionMask = 2147483647;
			files = (
			);
			runOnlyForDeploymentPostprocessing = 0;
		};
		7911CDEF2D633BB60034BEE6 /* Frameworks */ = {
			isa = PBXFrameworksBuildPhase;
			buildActionMask = 2147483647;
			files = (
			);
			runOnlyForDeploymentPostprocessing = 0;
		};
		7911CDF92D633BB60034BEE6 /* Frameworks */ = {
			isa = PBXFrameworksBuildPhase;
			buildActionMask = 2147483647;
			files = (
			);
			runOnlyForDeploymentPostprocessing = 0;
		};
/* End PBXFrameworksBuildPhase section */

/* Begin PBXGroup section */
		7911CDD72D633BAD0034BEE6 = {
			isa = PBXGroup;
			children = (
				7911CDE22D633BAD0034BEE6 /* ToDoList_v1 */,
				7911CDF52D633BB60034BEE6 /* ToDoList_v1Tests */,
				7911CDFF2D633BB60034BEE6 /* ToDoList_v1UITests */,
				7911CDE12D633BAD0034BEE6 /* Products */,
			);
			sourceTree = "<group>";
		};
		7911CDE12D633BAD0034BEE6 /* Products */ = {
			isa = PBXGroup;
			children = (
				7911CDE02D633BAD0034BEE6 /* ToDoList_v1.app */,
				7911CDF22D633BB60034BEE6 /* ToDoList_v1Tests.xctest */,
				7911CDFC2D633BB60034BEE6 /* ToDoList_v1UITests.xctest */,
			);
			name = Products;
			sourceTree = "<group>";
		};
		7911CDE22D633BAD0034BEE6 /* ToDoList_v1 */ = {
			isa = PBXGroup;
			children = (
				79F7C2462D926DD500B2E19E /* MyProject.entitlements */,
				79E0AD872D82D8DB00DDDC8C /* ToDoList-v1-Info.plist */,
				7911CE152D6AF4220034BEE6 /* view */,
				7911CE142D6AF4180034BEE6 /* screen */,
				7911CE132D6AF40F0034BEE6 /* model */,
				7911CDE32D633BAD0034BEE6 /* ToDoList_v1App.swift */,
				7911CDE52D633BAD0034BEE6 /* ContentView.swift */,
				7911CDE72D633BAD0034BEE6 /* Item.swift */,
				7911CDE92D633BB60034BEE6 /* Assets.xcassets */,
				7911CDEB2D633BB60034BEE6 /* Preview Content */,
				EB41895A2E40FF0900F69B82 /* Keys.xcconfig */,
			);
			path = ToDoList_v1;
			sourceTree = "<group>";
		};
		7911CDEB2D633BB60034BEE6 /* Preview Content */ = {
			isa = PBXGroup;
			children = (
				7911CDEC2D633BB60034BEE6 /* Preview Assets.xcassets */,
			);
			path = "Preview Content";
			sourceTree = "<group>";
		};
		7911CDF52D633BB60034BEE6 /* ToDoList_v1Tests */ = {
			isa = PBXGroup;
			children = (
				7911CDF62D633BB60034BEE6 /* ToDoList_v1Tests.swift */,
			);
			path = ToDoList_v1Tests;
			sourceTree = "<group>";
		};
		7911CDFF2D633BB60034BEE6 /* ToDoList_v1UITests */ = {
			isa = PBXGroup;
			children = (
				7911CE002D633BB60034BEE6 /* ToDoList_v1UITests.swift */,
				7911CE022D633BB60034BEE6 /* ToDoList_v1UITestsLaunchTests.swift */,
			);
			path = ToDoList_v1UITests;
			sourceTree = "<group>";
		};
		7911CE132D6AF40F0034BEE6 /* model */ = {
			isa = PBXGroup;
			children = (
				EB808BDB2E48A3B300C79D7D /* TaskEntry.swift */,
				EB4189002E3F816A00F69B82 /* GeminiService.swift */,
				EB4188FE2E3797A600F69B82 /* SpeechManager.swift */,
				7908C28E2D9BE32A00A97C11 /* CloudKitManager.swift */,
				793D1B432DAE881D00E0B653 /* CloudKitHelper.swift */,
				790FF7932DCA499200B9C70B /* CloudKitService.swift */,
				7911CE1F2D6B02650034BEE6 /* AppUser.swift */,
				7911CE182D6AF60B0034BEE6 /* AppleSignInManager.swift */,
				7908C2902D9C25E700A97C11 /* LoginStatusChecker.swift */,
				7908C28C2D9BDFAE00A97C11 /* EmailChecker.swift */,
				793C4AA72DA2872400C76125 /* EmailAccountManager.swift */,
				7911CE212D6B02E00034BEE6 /* UserRecord.swift */,
				79F7C2642D99507100B2E19E /* SaveLast.swift */,
				792297202DAD59DA00E1A97B /* TodoItem.swift */,
				791E53AC2DB3F4470096F3B2 /* TodoStatus.swift */,
				790DD1AB2DC6205500FDFC6D /* AddItem.swift */,
				790BFDC52DCF83ED00AFD044 /* LocalDataManager.swift */,
				790BFDC92DCF841200AFD044 /* DataSyncManager.swift */,
				793451F12DEB439E00898474 /* CompleteDayDataManager.swift */,
				7914F9872DEDD62D00BD4801 /* DelaySettlementManager.swift */,
			);
			path = model;
			sourceTree = "<group>";
		};
		7911CE142D6AF4180034BEE6 /* screen */ = {
			isa = PBXGroup;
			children = (
				EB522CF42DBDDBAC00D4B591 /* CalenderView.swift */,
				79E0AD832D758EEF00DDDC8C /* Login.swift */,
				7911CE232D6B084A0034BEE6 /* Home.swift */,
				7911CE252D6B086D0034BEE6 /* guide.swift */,
				79E0AD882D82E1A800DDDC8C /* guide2.swift */,
				79F7C24A2D94098000B2E19E /* guide3.swift */,
				79F7C24C2D940B9600B2E19E /* guide4.swift */,
				79F7C25E2D9415EF00B2E19E /* guide5.swift */,
				791FECA22D6E0E58003716DE /* EmailLogin.swift */,
				7922971C2DAD295100E1A97B /* ToDoSheetView.swift */,
				79C66A322DB40B7300BF8703 /* Add.swift */,
				791217BC2DC7B92F00E22FF6 /* AddTime.swift */,
				792C41732DC9051D005CCE92 /* AddNote.swift */,
				793B5C112DDA3A55008F92FC /* SettlementView.swift */,
				792C74262DE1F9FA00ACF98D /* SettlementView02.swift */,
				792C742C2DE22D4900ACF98D /* SettlementView03.swift */,
				793451ED2DEAD9BD00898474 /* Sleep01.swift */,
			);
			path = screen;
			sourceTree = "<group>";
		};
		7911CE152D6AF4220034BEE6 /* view */ = {
			isa = PBXGroup;
			children = (
				EB808BD52E48A14300C79D7D /* TaskEditView.swift */,
				EB808BD12E4748DD00C79D7D /* TaskSelectionOverlay.swift */,
				7914F9892DEF21B900BD4801 /* PhysicsSceneWrapper.swift */,
				EBCCDAFA2E4F317C0047B5F8 /* HomeBottomView.swift */,
				79F7C2482D94060100B2E19E /* codefield.swift */,
				79F7C25C2D9414BE00B2E19E /* MultiComponentPicker.swift */,
				79F7C2602D97E8C000B2E19E /* Event.swift */,
				79F7C2622D97FB0D00B2E19E /* UserInfoView.swift */,
				793C4AAB2DA6789000C76125 /* ItemRow.swift */,
				7922971E2DAD45BC00E1A97B /* VisualEffectBlur.swift */,
				793D1B412DAE748100E0B653 /* BumpyCircle.swift */,
				7906564C2DB158EC00EB90AC /* PhysicsScene.swift */,
				792073FE2DB292EC00057A45 /* TodoSheetItemRow.swift */,
				790DD1392DBA5B1800FDFC6D /* ScrollCalendarView.swift */,
				792C74282DE20E6A00ACF98D /* TobestartedView.swift */,
				792C742E2DE22DE300ACF98D /* ProgressBarSegment.swift */,
				79161FA42DFF30B60020B67F /* DeleteItemView.swift */,
			);
			path = view;
			sourceTree = "<group>";
		};
/* End PBXGroup section */

/* Begin PBXNativeTarget section */
		7911CDDF2D633BAD0034BEE6 /* ToDoList_v1 */ = {
			isa = PBXNativeTarget;
			buildConfigurationList = 7911CE062D633BB60034BEE6 /* Build configuration list for PBXNativeTarget "ToDoList_v1" */;
			buildPhases = (
				7911CDDC2D633BAD0034BEE6 /* Sources */,
				7911CDDD2D633BAD0034BEE6 /* Frameworks */,
				7911CDDE2D633BAD0034BEE6 /* Resources */,
			);
			buildRules = (
			);
			dependencies = (
			);
			name = ToDoList_v1;
			packageProductDependencies = (
			);
			productName = ToDoList_v1;
			productReference = 7911CDE02D633BAD0034BEE6 /* ToDoList_v1.app */;
			productType = "com.apple.product-type.application";
		};
		7911CDF12D633BB60034BEE6 /* ToDoList_v1Tests */ = {
			isa = PBXNativeTarget;
			buildConfigurationList = 7911CE092D633BB60034BEE6 /* Build configuration list for PBXNativeTarget "ToDoList_v1Tests" */;
			buildPhases = (
				7911CDEE2D633BB60034BEE6 /* Sources */,
				7911CDEF2D633BB60034BEE6 /* Frameworks */,
				7911CDF02D633BB60034BEE6 /* Resources */,
			);
			buildRules = (
			);
			dependencies = (
				7911CDF42D633BB60034BEE6 /* PBXTargetDependency */,
			);
			name = ToDoList_v1Tests;
			productName = ToDoList_v1Tests;
			productReference = 7911CDF22D633BB60034BEE6 /* ToDoList_v1Tests.xctest */;
			productType = "com.apple.product-type.bundle.unit-test";
		};
		7911CDFB2D633BB60034BEE6 /* ToDoList_v1UITests */ = {
			isa = PBXNativeTarget;
			buildConfigurationList = 7911CE0C2D633BB60034BEE6 /* Build configuration list for PBXNativeTarget "ToDoList_v1UITests" */;
			buildPhases = (
				7911CDF82D633BB60034BEE6 /* Sources */,
				7911CDF92D633BB60034BEE6 /* Frameworks */,
				7911CDFA2D633BB60034BEE6 /* Resources */,
			);
			buildRules = (
			);
			dependencies = (
				7911CDFE2D633BB60034BEE6 /* PBXTargetDependency */,
			);
			name = ToDoList_v1UITests;
			productName = ToDoList_v1UITests;
			productReference = 7911CDFC2D633BB60034BEE6 /* ToDoList_v1UITests.xctest */;
			productType = "com.apple.product-type.bundle.ui-testing";
		};
/* End PBXNativeTarget section */

/* Begin PBXProject section */
		7911CDD82D633BAD0034BEE6 /* Project object */ = {
			isa = PBXProject;
			attributes = {
				BuildIndependentTargetsInParallel = 1;
				LastSwiftUpdateCheck = 1540;
				LastUpgradeCheck = 1540;
				TargetAttributes = {
					7911CDDF2D633BAD0034BEE6 = {
						CreatedOnToolsVersion = 15.4;
					};
					7911CDF12D633BB60034BEE6 = {
						CreatedOnToolsVersion = 15.4;
						TestTargetID = 7911CDDF2D633BAD0034BEE6;
					};
					7911CDFB2D633BB60034BEE6 = {
						CreatedOnToolsVersion = 15.4;
						TestTargetID = 7911CDDF2D633BAD0034BEE6;
					};
				};
			};
			buildConfigurationList = 7911CDDB2D633BAD0034BEE6 /* Build configuration list for PBXProject "ToDoList_v1" */;
			compatibilityVersion = "Xcode 14.0";
			developmentRegion = en;
			hasScannedForEncodings = 0;
			knownRegions = (
				en,
				Base,
			);
			mainGroup = 7911CDD72D633BAD0034BEE6;
			packageReferences = (
			);
			productRefGroup = 7911CDE12D633BAD0034BEE6 /* Products */;
			projectDirPath = "";
			projectRoot = "";
			targets = (
				7911CDDF2D633BAD0034BEE6 /* ToDoList_v1 */,
				7911CDF12D633BB60034BEE6 /* ToDoList_v1Tests */,
				7911CDFB2D633BB60034BEE6 /* ToDoList_v1UITests */,
			);
		};
/* End PBXProject section */

/* Begin PBXResourcesBuildPhase section */
		7911CDDE2D633BAD0034BEE6 /* Resources */ = {
			isa = PBXResourcesBuildPhase;
			buildActionMask = 2147483647;
			files = (
				EB41895B2E40FF0900F69B82 /* Keys.xcconfig in Resources */,
				7911CDED2D633BB60034BEE6 /* Preview Assets.xcassets in Resources */,
				79F7C2472D926DD500B2E19E /* MyProject.entitlements in Resources */,
				7911CDEA2D633BB60034BEE6 /* Assets.xcassets in Resources */,
			);
			runOnlyForDeploymentPostprocessing = 0;
		};
		7911CDF02D633BB60034BEE6 /* Resources */ = {
			isa = PBXResourcesBuildPhase;
			buildActionMask = 2147483647;
			files = (
				EB41895C2E40FF0900F69B82 /* Keys.xcconfig in Resources */,
			);
			runOnlyForDeploymentPostprocessing = 0;
		};
		7911CDFA2D633BB60034BEE6 /* Resources */ = {
			isa = PBXResourcesBuildPhase;
			buildActionMask = 2147483647;
			files = (
				EB41895D2E40FF0900F69B82 /* Keys.xcconfig in Resources */,
			);
			runOnlyForDeploymentPostprocessing = 0;
		};
/* End PBXResourcesBuildPhase section */

/* Begin PBXSourcesBuildPhase section */
		7911CDDC2D633BAD0034BEE6 /* Sources */ = {
			isa = PBXSourcesBuildPhase;
			buildActionMask = 2147483647;
			files = (
				790DD13A2DBA5B1800FDFC6D /* ScrollCalendarView.swift in Sources */,
				79F7C2632D97FB0D00B2E19E /* UserInfoView.swift in Sources */,
				793451EE2DEAD9BD00898474 /* Sleep01.swift in Sources */,
				79F7C24D2D940B9600B2E19E /* guide4.swift in Sources */,
				7914F98A2DEF21B900BD4801 /* PhysicsSceneWrapper.swift in Sources */,
				792C74272DE1F9FA00ACF98D /* SettlementView02.swift in Sources */,
				EB522CF52DBDDBB500D4B591 /* CalenderView.swift in Sources */,
				792073FF2DB292EC00057A45 /* TodoSheetItemRow.swift in Sources */,
				793451F22DEB439E00898474 /* CompleteDayDataManager.swift in Sources */,
				7906564D2DB158EC00EB90AC /* PhysicsScene.swift in Sources */,
				792C742F2DE22DE300ACF98D /* ProgressBarSegment.swift in Sources */,
				790FF7942DCA499200B9C70B /* CloudKitService.swift in Sources */,
				7911CDE62D633BAD0034BEE6 /* ContentView.swift in Sources */,
				791E53AD2DB3F4470096F3B2 /* TodoStatus.swift in Sources */,
				792C74292DE20E6A00ACF98D /* TobestartedView.swift in Sources */,
				791217BD2DC7B92F00E22FF6 /* AddTime.swift in Sources */,
				792297212DAD59DA00E1A97B /* TodoItem.swift in Sources */,
				EB808BD62E48A14700C79D7D /* TaskEditView.swift in Sources */,
				793D1B422DAE748100E0B653 /* BumpyCircle.swift in Sources */,
				79E0AD842D758EEF00DDDC8C /* Login.swift in Sources */,
				7922971D2DAD295100E1A97B /* ToDoSheetView.swift in Sources */,
				792C742D2DE22D4900ACF98D /* SettlementView03.swift in Sources */,
				793B5C122DDA3A55008F92FC /* SettlementView.swift in Sources */,
				7908C28D2D9BDFAE00A97C11 /* EmailChecker.swift in Sources */,
				7911CDE82D633BAD0034BEE6 /* Item.swift in Sources */,
				79C66A332DB40B7300BF8703 /* Add.swift in Sources */,
				7911CE202D6B02650034BEE6 /* AppUser.swift in Sources */,
				790BFDCA2DCF841200AFD044 /* DataSyncManager.swift in Sources */,
				EB4188FF2E3797B600F69B82 /* SpeechManager.swift in Sources */,
				7908C2912D9C25E700A97C11 /* LoginStatusChecker.swift in Sources */,
				7911CDE42D633BAD0034BEE6 /* ToDoList_v1App.swift in Sources */,
				EB808BDC2E48A3B400C79D7D /* TaskEntry.swift in Sources */,
				792C41742DC9051D005CCE92 /* AddNote.swift in Sources */,
				791FECA32D6E0E59003716DE /* EmailLogin.swift in Sources */,
				793D1B442DAE881D00E0B653 /* CloudKitHelper.swift in Sources */,
				79F7C2652D99507100B2E19E /* SaveLast.swift in Sources */,
				793C4AA82DA2872400C76125 /* EmailAccountManager.swift in Sources */,
				79161FA52DFF30B60020B67F /* DeleteItemView.swift in Sources */,
				7911CE222D6B02E00034BEE6 /* UserRecord.swift in Sources */,
				79F7C2612D97E8C000B2E19E /* Event.swift in Sources */,
				79E0AD892D82E1A800DDDC8C /* guide2.swift in Sources */,
				7908C28F2D9BE32A00A97C11 /* CloudKitManager.swift in Sources */,
				79F7C24B2D94098000B2E19E /* guide3.swift in Sources */,
				7911CE262D6B086D0034BEE6 /* guide.swift in Sources */,
				EB808BD22E4748F600C79D7D /* TaskSelectionOverlay.swift in Sources */,
				79F7C25F2D9415EF00B2E19E /* guide5.swift in Sources */,
				79F7C2492D94060100B2E19E /* codefield.swift in Sources */,
				790BFDC62DCF83ED00AFD044 /* LocalDataManager.swift in Sources */,
				EB4189012E3F817A00F69B82 /* GeminiService.swift in Sources */,
				7911CE242D6B084A0034BEE6 /* Home.swift in Sources */,
				793C4AAC2DA6789000C76125 /* ItemRow.swift in Sources */,
				790DD1AC2DC6205600FDFC6D /* AddItem.swift in Sources */,
				7914F9882DEDD62D00BD4801 /* DelaySettlementManager.swift in Sources */,
				7922971F2DAD45BC00E1A97B /* VisualEffectBlur.swift in Sources */,
				7911CE192D6AF60B0034BEE6 /* AppleSignInManager.swift in Sources */,
				EBCCDAFB2E4F317C0047B5F8 /* HomeBottomView.swift in Sources */,
				79F7C25D2D9414BE00B2E19E /* MultiComponentPicker.swift in Sources */,
			);
			runOnlyForDeploymentPostprocessing = 0;
		};
		7911CDEE2D633BB60034BEE6 /* Sources */ = {
			isa = PBXSourcesBuildPhase;
			buildActionMask = 2147483647;
			files = (
				7911CDF72D633BB60034BEE6 /* ToDoList_v1Tests.swift in Sources */,
			);
			runOnlyForDeploymentPostprocessing = 0;
		};
		7911CDF82D633BB60034BEE6 /* Sources */ = {
			isa = PBXSourcesBuildPhase;
			buildActionMask = 2147483647;
			files = (
				7911CE012D633BB60034BEE6 /* ToDoList_v1UITests.swift in Sources */,
				7911CE032D633BB60034BEE6 /* ToDoList_v1UITestsLaunchTests.swift in Sources */,
			);
			runOnlyForDeploymentPostprocessing = 0;
		};
/* End PBXSourcesBuildPhase section */

/* Begin PBXTargetDependency section */
		7911CDF42D633BB60034BEE6 /* PBXTargetDependency */ = {
			isa = PBXTargetDependency;
			target = 7911CDDF2D633BAD0034BEE6 /* ToDoList_v1 */;
			targetProxy = 7911CDF32D633BB60034BEE6 /* PBXContainerItemProxy */;
		};
		7911CDFE2D633BB60034BEE6 /* PBXTargetDependency */ = {
			isa = PBXTargetDependency;
			target = 7911CDDF2D633BAD0034BEE6 /* ToDoList_v1 */;
			targetProxy = 7911CDFD2D633BB60034BEE6 /* PBXContainerItemProxy */;
		};
/* End PBXTargetDependency section */

/* Begin XCBuildConfiguration section */
		7911CE042D633BB60034BEE6 /* Debug */ = {
			isa = XCBuildConfiguration;
			baseConfigurationReference = EB41895A2E40FF0900F69B82 /* Keys.xcconfig */;
			buildSettings = {
				ALWAYS_SEARCH_USER_PATHS = NO;
				ASSETCATALOG_COMPILER_GENERATE_SWIFT_ASSET_SYMBOL_EXTENSIONS = YES;
				CLANG_ANALYZER_NONNULL = YES;
				CLANG_ANALYZER_NUMBER_OBJECT_CONVERSION = YES_AGGRESSIVE;
				CLANG_CXX_LANGUAGE_STANDARD = "gnu++20";
				CLANG_ENABLE_MODULES = YES;
				CLANG_ENABLE_OBJC_ARC = YES;
				CLANG_ENABLE_OBJC_WEAK = YES;
				CLANG_WARN_BLOCK_CAPTURE_AUTORELEASING = YES;
				CLANG_WARN_BOOL_CONVERSION = YES;
				CLANG_WARN_COMMA = YES;
				CLANG_WARN_CONSTANT_CONVERSION = YES;
				CLANG_WARN_DEPRECATED_OBJC_IMPLEMENTATIONS = YES;
				CLANG_WARN_DIRECT_OBJC_ISA_USAGE = YES_ERROR;
				CLANG_WARN_DOCUMENTATION_COMMENTS = YES;
				CLANG_WARN_EMPTY_BODY = YES;
				CLANG_WARN_ENUM_CONVERSION = YES;
				CLANG_WARN_INFINITE_RECURSION = YES;
				CLANG_WARN_INT_CONVERSION = YES;
				CLANG_WARN_NON_LITERAL_NULL_CONVERSION = YES;
				CLANG_WARN_OBJC_IMPLICIT_RETAIN_SELF = YES;
				CLANG_WARN_OBJC_LITERAL_CONVERSION = YES;
				CLANG_WARN_OBJC_ROOT_CLASS = YES_ERROR;
				CLANG_WARN_QUOTED_INCLUDE_IN_FRAMEWORK_HEADER = YES;
				CLANG_WARN_RANGE_LOOP_ANALYSIS = YES;
				CLANG_WARN_STRICT_PROTOTYPES = YES;
				CLANG_WARN_SUSPICIOUS_MOVE = YES;
				CLANG_WARN_UNGUARDED_AVAILABILITY = YES_AGGRESSIVE;
				CLANG_WARN_UNREACHABLE_CODE = YES;
				CLANG_WARN__DUPLICATE_METHOD_MATCH = YES;
				COPY_PHASE_STRIP = NO;
				DEBUG_INFORMATION_FORMAT = dwarf;
				ENABLE_STRICT_OBJC_MSGSEND = YES;
				ENABLE_TESTABILITY = YES;
				ENABLE_USER_SCRIPT_SANDBOXING = YES;
				GCC_C_LANGUAGE_STANDARD = gnu17;
				GCC_DYNAMIC_NO_PIC = NO;
				GCC_NO_COMMON_BLOCKS = YES;
				GCC_OPTIMIZATION_LEVEL = 0;
				GCC_PREPROCESSOR_DEFINITIONS = (
					"DEBUG=1",
					"$(inherited)",
				);
				GCC_WARN_64_TO_32_BIT_CONVERSION = YES;
				GCC_WARN_ABOUT_RETURN_TYPE = YES_ERROR;
				GCC_WARN_UNDECLARED_SELECTOR = YES;
				GCC_WARN_UNINITIALIZED_AUTOS = YES_AGGRESSIVE;
				GCC_WARN_UNUSED_FUNCTION = YES;
				GCC_WARN_UNUSED_VARIABLE = YES;
				IPHONEOS_DEPLOYMENT_TARGET = 17.5;
				LOCALIZATION_PREFERS_STRING_CATALOGS = YES;
				MTL_ENABLE_DEBUG_INFO = INCLUDE_SOURCE;
				MTL_FAST_MATH = YES;
				ONLY_ACTIVE_ARCH = YES;
				SDKROOT = iphoneos;
				SWIFT_ACTIVE_COMPILATION_CONDITIONS = "DEBUG $(inherited)";
				SWIFT_OPTIMIZATION_LEVEL = "-Onone";
			};
			name = Debug;
		};
		7911CE052D633BB60034BEE6 /* Release */ = {
			isa = XCBuildConfiguration;
			baseConfigurationReference = EB41895A2E40FF0900F69B82 /* Keys.xcconfig */;
			buildSettings = {
				ALWAYS_SEARCH_USER_PATHS = NO;
				ASSETCATALOG_COMPILER_GENERATE_SWIFT_ASSET_SYMBOL_EXTENSIONS = YES;
				CLANG_ANALYZER_NONNULL = YES;
				CLANG_ANALYZER_NUMBER_OBJECT_CONVERSION = YES_AGGRESSIVE;
				CLANG_CXX_LANGUAGE_STANDARD = "gnu++20";
				CLANG_ENABLE_MODULES = YES;
				CLANG_ENABLE_OBJC_ARC = YES;
				CLANG_ENABLE_OBJC_WEAK = YES;
				CLANG_WARN_BLOCK_CAPTURE_AUTORELEASING = YES;
				CLANG_WARN_BOOL_CONVERSION = YES;
				CLANG_WARN_COMMA = YES;
				CLANG_WARN_CONSTANT_CONVERSION = YES;
				CLANG_WARN_DEPRECATED_OBJC_IMPLEMENTATIONS = YES;
				CLANG_WARN_DIRECT_OBJC_ISA_USAGE = YES_ERROR;
				CLANG_WARN_DOCUMENTATION_COMMENTS = YES;
				CLANG_WARN_EMPTY_BODY = YES;
				CLANG_WARN_ENUM_CONVERSION = YES;
				CLANG_WARN_INFINITE_RECURSION = YES;
				CLANG_WARN_INT_CONVERSION = YES;
				CLANG_WARN_NON_LITERAL_NULL_CONVERSION = YES;
				CLANG_WARN_OBJC_IMPLICIT_RETAIN_SELF = YES;
				CLANG_WARN_OBJC_LITERAL_CONVERSION = YES;
				CLANG_WARN_OBJC_ROOT_CLASS = YES_ERROR;
				CLANG_WARN_QUOTED_INCLUDE_IN_FRAMEWORK_HEADER = YES;
				CLANG_WARN_RANGE_LOOP_ANALYSIS = YES;
				CLANG_WARN_STRICT_PROTOTYPES = YES;
				CLANG_WARN_SUSPICIOUS_MOVE = YES;
				CLANG_WARN_UNGUARDED_AVAILABILITY = YES_AGGRESSIVE;
				CLANG_WARN_UNREACHABLE_CODE = YES;
				CLANG_WARN__DUPLICATE_METHOD_MATCH = YES;
				COPY_PHASE_STRIP = NO;
				DEBUG_INFORMATION_FORMAT = "dwarf-with-dsym";
				ENABLE_NS_ASSERTIONS = NO;
				ENABLE_STRICT_OBJC_MSGSEND = YES;
				ENABLE_USER_SCRIPT_SANDBOXING = YES;
				GCC_C_LANGUAGE_STANDARD = gnu17;
				GCC_NO_COMMON_BLOCKS = YES;
				GCC_WARN_64_TO_32_BIT_CONVERSION = YES;
				GCC_WARN_ABOUT_RETURN_TYPE = YES_ERROR;
				GCC_WARN_UNDECLARED_SELECTOR = YES;
				GCC_WARN_UNINITIALIZED_AUTOS = YES_AGGRESSIVE;
				GCC_WARN_UNUSED_FUNCTION = YES;
				GCC_WARN_UNUSED_VARIABLE = YES;
				IPHONEOS_DEPLOYMENT_TARGET = 17.5;
				LOCALIZATION_PREFERS_STRING_CATALOGS = YES;
				MTL_ENABLE_DEBUG_INFO = NO;
				MTL_FAST_MATH = YES;
				SDKROOT = iphoneos;
				SWIFT_COMPILATION_MODE = wholemodule;
				VALIDATE_PRODUCT = YES;
			};
			name = Release;
		};
		7911CE072D633BB60034BEE6 /* Debug */ = {
			isa = XCBuildConfiguration;
			baseConfigurationReference = EB41895A2E40FF0900F69B82 /* Keys.xcconfig */;
			buildSettings = {
				ASSETCATALOG_COMPILER_APPICON_NAME = AppIcon;
				ASSETCATALOG_COMPILER_GLOBAL_ACCENT_COLOR_NAME = AccentColor;
				CODE_SIGN_ENTITLEMENTS = ToDoList_v1/MyProject.entitlements;
				CODE_SIGN_IDENTITY = "Apple Development";
				CODE_SIGN_STYLE = Automatic;
				CURRENT_PROJECT_VERSION = 1;
				DEVELOPMENT_ASSET_PATHS = "\"ToDoList_v1/Preview Content\"";
				DEVELOPMENT_TEAM = GZBG3Y85S9;
				ENABLE_PREVIEWS = YES;
				GENERATE_INFOPLIST_FILE = YES;
				INFOPLIST_FILE = "ToDoList-v1-Info.plist";
				INFOPLIST_KEY_NSMicrophoneUsageDescription = "我們需要存取您的麥克風，才能錄製您要轉換的語音。";
				INFOPLIST_KEY_NSSpeechRecognitionUsageDescription = "我們需要您的語音權限，才能將您的語音轉換為待辦事項。";
				INFOPLIST_KEY_UIApplicationSceneManifest_Generation = YES;
				INFOPLIST_KEY_UIApplicationSupportsIndirectInputEvents = YES;
				INFOPLIST_KEY_UILaunchScreen_Generation = YES;
				INFOPLIST_KEY_UIStatusBarStyle = UIStatusBarStyleDarkContent;
				INFOPLIST_KEY_UISupportedInterfaceOrientations = "UIInterfaceOrientationLandscapeLeft UIInterfaceOrientationLandscapeRight UIInterfaceOrientationPortrait";
				INFOPLIST_KEY_UISupportedInterfaceOrientations_iPad = "UIInterfaceOrientationLandscapeLeft UIInterfaceOrientationLandscapeRight UIInterfaceOrientationPortrait UIInterfaceOrientationPortraitUpsideDown";
				IPHONEOS_DEPLOYMENT_TARGET = 17.5;
				LD_RUNPATH_SEARCH_PATHS = (
					"$(inherited)",
					"@executable_path/Frameworks",
				);
				MARKETING_VERSION = 1.0;
				PRODUCT_BUNDLE_IDENTIFIER = com.fcu.ToDolist;
				PRODUCT_NAME = "$(TARGET_NAME)";
				PROVISIONING_PROFILE_SPECIFIER = "";
				SWIFT_EMIT_LOC_STRINGS = YES;
				SWIFT_VERSION = 5.0;
				TARGETED_DEVICE_FAMILY = "1,2";
			};
			name = Debug;
		};
		7911CE082D633BB60034BEE6 /* Release */ = {
			isa = XCBuildConfiguration;
			baseConfigurationReference = EB41895A2E40FF0900F69B82 /* Keys.xcconfig */;
			buildSettings = {
				ASSETCATALOG_COMPILER_APPICON_NAME = AppIcon;
				ASSETCATALOG_COMPILER_GLOBAL_ACCENT_COLOR_NAME = AccentColor;
				CODE_SIGN_ENTITLEMENTS = ToDoList_v1/MyProject.entitlements;
				CODE_SIGN_IDENTITY = "Apple Development";
				CODE_SIGN_STYLE = Automatic;
				CURRENT_PROJECT_VERSION = 1;
				DEVELOPMENT_ASSET_PATHS = "\"ToDoList_v1/Preview Content\"";
				DEVELOPMENT_TEAM = GZBG3Y85S9;
				ENABLE_PREVIEWS = YES;
				GENERATE_INFOPLIST_FILE = YES;
				INFOPLIST_FILE = "ToDoList-v1-Info.plist";
				INFOPLIST_KEY_NSMicrophoneUsageDescription = "我們需要存取您的麥克風，才能錄製您要轉換的語音。";
				INFOPLIST_KEY_NSSpeechRecognitionUsageDescription = "我們需要您的語音權限，才能將您的語音轉換為待辦事項。";
				INFOPLIST_KEY_UIApplicationSceneManifest_Generation = YES;
				INFOPLIST_KEY_UIApplicationSupportsIndirectInputEvents = YES;
				INFOPLIST_KEY_UILaunchScreen_Generation = YES;
				INFOPLIST_KEY_UIStatusBarStyle = UIStatusBarStyleDarkContent;
				INFOPLIST_KEY_UISupportedInterfaceOrientations = "UIInterfaceOrientationLandscapeLeft UIInterfaceOrientationLandscapeRight UIInterfaceOrientationPortrait";
				INFOPLIST_KEY_UISupportedInterfaceOrientations_iPad = "UIInterfaceOrientationLandscapeLeft UIInterfaceOrientationLandscapeRight UIInterfaceOrientationPortrait UIInterfaceOrientationPortraitUpsideDown";
				IPHONEOS_DEPLOYMENT_TARGET = 17.5;
				LD_RUNPATH_SEARCH_PATHS = (
					"$(inherited)",
					"@executable_path/Frameworks",
				);
				MARKETING_VERSION = 1.0;
				PRODUCT_BUNDLE_IDENTIFIER = com.fcu.ToDolist;
				PRODUCT_NAME = "$(TARGET_NAME)";
				PROVISIONING_PROFILE_SPECIFIER = "";
				SWIFT_EMIT_LOC_STRINGS = YES;
				SWIFT_VERSION = 5.0;
				TARGETED_DEVICE_FAMILY = "1,2";
			};
			name = Release;
		};
		7911CE0A2D633BB60034BEE6 /* Debug */ = {
			isa = XCBuildConfiguration;
			baseConfigurationReference = EB41895A2E40FF0900F69B82 /* Keys.xcconfig */;
			buildSettings = {
				ALWAYS_EMBED_SWIFT_STANDARD_LIBRARIES = YES;
				BUNDLE_LOADER = "$(TEST_HOST)";
				CODE_SIGN_STYLE = Automatic;
				CURRENT_PROJECT_VERSION = 1;
				GENERATE_INFOPLIST_FILE = YES;
				IPHONEOS_DEPLOYMENT_TARGET = 17.5;
				MARKETING_VERSION = 1.0;
				PRODUCT_BUNDLE_IDENTIFIER = "com.fengchia.ToDoList-v1Tests";
				PRODUCT_NAME = "$(TARGET_NAME)";
				SWIFT_EMIT_LOC_STRINGS = NO;
				SWIFT_VERSION = 5.0;
				TARGETED_DEVICE_FAMILY = "1,2";
				TEST_HOST = "$(BUILT_PRODUCTS_DIR)/ToDoList_v1.app/$(BUNDLE_EXECUTABLE_FOLDER_PATH)/ToDoList_v1";
			};
			name = Debug;
		};
		7911CE0B2D633BB60034BEE6 /* Release */ = {
			isa = XCBuildConfiguration;
			baseConfigurationReference = EB41895A2E40FF0900F69B82 /* Keys.xcconfig */;
			buildSettings = {
				ALWAYS_EMBED_SWIFT_STANDARD_LIBRARIES = YES;
				BUNDLE_LOADER = "$(TEST_HOST)";
				CODE_SIGN_STYLE = Automatic;
				CURRENT_PROJECT_VERSION = 1;
				GENERATE_INFOPLIST_FILE = YES;
				IPHONEOS_DEPLOYMENT_TARGET = 17.5;
				MARKETING_VERSION = 1.0;
				PRODUCT_BUNDLE_IDENTIFIER = "com.fengchia.ToDoList-v1Tests";
				PRODUCT_NAME = "$(TARGET_NAME)";
				SWIFT_EMIT_LOC_STRINGS = NO;
				SWIFT_VERSION = 5.0;
				TARGETED_DEVICE_FAMILY = "1,2";
				TEST_HOST = "$(BUILT_PRODUCTS_DIR)/ToDoList_v1.app/$(BUNDLE_EXECUTABLE_FOLDER_PATH)/ToDoList_v1";
			};
			name = Release;
		};
		7911CE0D2D633BB60034BEE6 /* Debug */ = {
			isa = XCBuildConfiguration;
			baseConfigurationReference = EB41895A2E40FF0900F69B82 /* Keys.xcconfig */;
			buildSettings = {
				ALWAYS_EMBED_SWIFT_STANDARD_LIBRARIES = YES;
				CODE_SIGN_STYLE = Automatic;
				CURRENT_PROJECT_VERSION = 1;
				GENERATE_INFOPLIST_FILE = YES;
				MARKETING_VERSION = 1.0;
				PRODUCT_BUNDLE_IDENTIFIER = "com.fengchia.ToDoList-v1UITests";
				PRODUCT_NAME = "$(TARGET_NAME)";
				SWIFT_EMIT_LOC_STRINGS = NO;
				SWIFT_VERSION = 5.0;
				TARGETED_DEVICE_FAMILY = "1,2";
				TEST_TARGET_NAME = ToDoList_v1;
			};
			name = Debug;
		};
		7911CE0E2D633BB60034BEE6 /* Release */ = {
			isa = XCBuildConfiguration;
			baseConfigurationReference = EB41895A2E40FF0900F69B82 /* Keys.xcconfig */;
			buildSettings = {
				ALWAYS_EMBED_SWIFT_STANDARD_LIBRARIES = YES;
				CODE_SIGN_STYLE = Automatic;
				CURRENT_PROJECT_VERSION = 1;
				GENERATE_INFOPLIST_FILE = YES;
				MARKETING_VERSION = 1.0;
				PRODUCT_BUNDLE_IDENTIFIER = "com.fengchia.ToDoList-v1UITests";
				PRODUCT_NAME = "$(TARGET_NAME)";
				SWIFT_EMIT_LOC_STRINGS = NO;
				SWIFT_VERSION = 5.0;
				TARGETED_DEVICE_FAMILY = "1,2";
				TEST_TARGET_NAME = ToDoList_v1;
			};
			name = Release;
		};
/* End XCBuildConfiguration section */

/* Begin XCConfigurationList section */
		7911CDDB2D633BAD0034BEE6 /* Build configuration list for PBXProject "ToDoList_v1" */ = {
			isa = XCConfigurationList;
			buildConfigurations = (
				7911CE042D633BB60034BEE6 /* Debug */,
				7911CE052D633BB60034BEE6 /* Release */,
			);
			defaultConfigurationIsVisible = 0;
			defaultConfigurationName = Release;
		};
		7911CE062D633BB60034BEE6 /* Build configuration list for PBXNativeTarget "ToDoList_v1" */ = {
			isa = XCConfigurationList;
			buildConfigurations = (
				7911CE072D633BB60034BEE6 /* Debug */,
				7911CE082D633BB60034BEE6 /* Release */,
			);
			defaultConfigurationIsVisible = 0;
			defaultConfigurationName = Release;
		};
		7911CE092D633BB60034BEE6 /* Build configuration list for PBXNativeTarget "ToDoList_v1Tests" */ = {
			isa = XCConfigurationList;
			buildConfigurations = (
				7911CE0A2D633BB60034BEE6 /* Debug */,
				7911CE0B2D633BB60034BEE6 /* Release */,
			);
			defaultConfigurationIsVisible = 0;
			defaultConfigurationName = Release;
		};
		7911CE0C2D633BB60034BEE6 /* Build configuration list for PBXNativeTarget "ToDoList_v1UITests" */ = {
			isa = XCConfigurationList;
			buildConfigurations = (
				7911CE0D2D633BB60034BEE6 /* Debug */,
				7911CE0E2D633BB60034BEE6 /* Release */,
			);
			defaultConfigurationIsVisible = 0;
			defaultConfigurationName = Release;
		};
/* End XCConfigurationList section */
	};
	rootObject = 7911CDD82D633BAD0034BEE6 /* Project object */;
}
